// !$*UTF8*$!
{
	archiveVersion = 1;
	classes = {
	};
	objectVersion = 50;
	objects = {

/* Begin PBXBuildFile section */
		02A09B9127E440DA0036868F /* AppDelegate.swift in Sources */ = {isa = PBXBuildFile; fileRef = 02A09B9027E440DA0036868F /* AppDelegate.swift */; };
		02A09B9327E440DA0036868F /* SceneDelegate.swift in Sources */ = {isa = PBXBuildFile; fileRef = 02A09B9227E440DA0036868F /* SceneDelegate.swift */; };
		02A09B9527E440DA0036868F /* ContentView.swift in Sources */ = {isa = PBXBuildFile; fileRef = 02A09B9427E440DA0036868F /* ContentView.swift */; };
		02A09B9727E440DC0036868F /* Assets.xcassets in Resources */ = {isa = PBXBuildFile; fileRef = 02A09B9627E440DC0036868F /* Assets.xcassets */; };
		02A09B9A27E440DC0036868F /* Preview Assets.xcassets in Resources */ = {isa = PBXBuildFile; fileRef = 02A09B9927E440DC0036868F /* Preview Assets.xcassets */; };
		02A09B9D27E440DC0036868F /* LaunchScreen.storyboard in Resources */ = {isa = PBXBuildFile; fileRef = 02A09B9B27E440DC0036868F /* LaunchScreen.storyboard */; };
		02A09BA827E440DD0036868F /* Dice_GameTests.swift in Sources */ = {isa = PBXBuildFile; fileRef = 02A09BA727E440DD0036868F /* Dice_GameTests.swift */; };
		02A09BB327E440DD0036868F /* Dice_GameUITests.swift in Sources */ = {isa = PBXBuildFile; fileRef = 02A09BB227E440DD0036868F /* Dice_GameUITests.swift */; };
/* End PBXBuildFile section */

/* Begin PBXContainerItemProxy section */
		02A09BA427E440DD0036868F /* PBXContainerItemProxy */ = {
			isa = PBXContainerItemProxy;
			containerPortal = 02A09B8527E440DA0036868F /* Project object */;
			proxyType = 1;
			remoteGlobalIDString = 02A09B8C27E440DA0036868F;
			remoteInfo = "Dice-Game";
		};
		02A09BAF27E440DD0036868F /* PBXContainerItemProxy */ = {
			isa = PBXContainerItemProxy;
			containerPortal = 02A09B8527E440DA0036868F /* Project object */;
			proxyType = 1;
			remoteGlobalIDString = 02A09B8C27E440DA0036868F;
			remoteInfo = "Dice-Game";
		};
/* End PBXContainerItemProxy section */

/* Begin PBXFileReference section */
		02A09B8D27E440DA0036868F /* Dice-Game.app */ = {isa = PBXFileReference; explicitFileType = wrapper.application; includeInIndex = 0; path = "Dice-Game.app"; sourceTree = BUILT_PRODUCTS_DIR; };
		02A09B9027E440DA0036868F /* AppDelegate.swift */ = {isa = PBXFileReference; lastKnownFileType = sourcecode.swift; path = AppDelegate.swift; sourceTree = "<group>"; };
		02A09B9227E440DA0036868F /* SceneDelegate.swift */ = {isa = PBXFileReference; lastKnownFileType = sourcecode.swift; path = SceneDelegate.swift; sourceTree = "<group>"; };
		02A09B9427E440DA0036868F /* ContentView.swift */ = {isa = PBXFileReference; lastKnownFileType = sourcecode.swift; path = ContentView.swift; sourceTree = "<group>"; };
		02A09B9627E440DC0036868F /* Assets.xcassets */ = {isa = PBXFileReference; lastKnownFileType = folder.assetcatalog; path = Assets.xcassets; sourceTree = "<group>"; };
		02A09B9927E440DC0036868F /* Preview Assets.xcassets */ = {isa = PBXFileReference; lastKnownFileType = folder.assetcatalog; path = "Preview Assets.xcassets"; sourceTree = "<group>"; };
		02A09B9C27E440DC0036868F /* Base */ = {isa = PBXFileReference; lastKnownFileType = file.storyboard; name = Base; path = Base.lproj/LaunchScreen.storyboard; sourceTree = "<group>"; };
		02A09B9E27E440DC0036868F /* Info.plist */ = {isa = PBXFileReference; lastKnownFileType = text.plist.xml; path = Info.plist; sourceTree = "<group>"; };
		02A09BA327E440DD0036868F /* Dice-GameTests.xctest */ = {isa = PBXFileReference; explicitFileType = wrapper.cfbundle; includeInIndex = 0; path = "Dice-GameTests.xctest"; sourceTree = BUILT_PRODUCTS_DIR; };
		02A09BA727E440DD0036868F /* Dice_GameTests.swift */ = {isa = PBXFileReference; lastKnownFileType = sourcecode.swift; path = Dice_GameTests.swift; sourceTree = "<group>"; };
		02A09BA927E440DD0036868F /* Info.plist */ = {isa = PBXFileReference; lastKnownFileType = text.plist.xml; path = Info.plist; sourceTree = "<group>"; };
		02A09BAE27E440DD0036868F /* Dice-GameUITests.xctest */ = {isa = PBXFileReference; explicitFileType = wrapper.cfbundle; includeInIndex = 0; path = "Dice-GameUITests.xctest"; sourceTree = BUILT_PRODUCTS_DIR; };
		02A09BB227E440DD0036868F /* Dice_GameUITests.swift */ = {isa = PBXFileReference; lastKnownFileType = sourcecode.swift; path = Dice_GameUITests.swift; sourceTree = "<group>"; };
		02A09BB427E440DD0036868F /* Info.plist */ = {isa = PBXFileReference; lastKnownFileType = text.plist.xml; path = Info.plist; sourceTree = "<group>"; };
/* End PBXFileReference section */

/* Begin PBXFrameworksBuildPhase section */
		02A09B8A27E440DA0036868F /* Frameworks */ = {
			isa = PBXFrameworksBuildPhase;
			buildActionMask = 2147483647;
			files = (
			);
			runOnlyForDeploymentPostprocessing = 0;
		};
		02A09BA027E440DD0036868F /* Frameworks */ = {
			isa = PBXFrameworksBuildPhase;
			buildActionMask = 2147483647;
			files = (
			);
			runOnlyForDeploymentPostprocessing = 0;
		};
		02A09BAB27E440DD0036868F /* Frameworks */ = {
			isa = PBXFrameworksBuildPhase;
			buildActionMask = 2147483647;
			files = (
			);
			runOnlyForDeploymentPostprocessing = 0;
		};
/* End PBXFrameworksBuildPhase section */

/* Begin PBXGroup section */
		02A09B8427E440DA0036868F = {
			isa = PBXGroup;
			children = (
				02A09B8F27E440DA0036868F /* Dice-Game */,
				02A09BA627E440DD0036868F /* Dice-GameTests */,
				02A09BB127E440DD0036868F /* Dice-GameUITests */,
				02A09B8E27E440DA0036868F /* Products */,
			);
			sourceTree = "<group>";
		};
		02A09B8E27E440DA0036868F /* Products */ = {
			isa = PBXGroup;
			children = (
				02A09B8D27E440DA0036868F /* Dice-Game.app */,
				02A09BA327E440DD0036868F /* Dice-GameTests.xctest */,
				02A09BAE27E440DD0036868F /* Dice-GameUITests.xctest */,
			);
			name = Products;
			sourceTree = "<group>";
		};
		02A09B8F27E440DA0036868F /* Dice-Game */ = {
			isa = PBXGroup;
			children = (
				02A09B9027E440DA0036868F /* AppDelegate.swift */,
				02A09B9227E440DA0036868F /* SceneDelegate.swift */,
				02A09B9427E440DA0036868F /* ContentView.swift */,
				02A09B9627E440DC0036868F /* Assets.xcassets */,
				02A09B9B27E440DC0036868F /* LaunchScreen.storyboard */,
				02A09B9E27E440DC0036868F /* Info.plist */,
				02A09B9827E440DC0036868F /* Preview Content */,
			);
			path = "Dice-Game";
			sourceTree = "<group>";
		};
		02A09B9827E440DC0036868F /* Preview Content */ = {
			isa = PBXGroup;
			children = (
				02A09B9927E440DC0036868F /* Preview Assets.xcassets */,
			);
			path = "Preview Content";
			sourceTree = "<group>";
		};
		02A09BA627E440DD0036868F /* Dice-GameTests */ = {
			isa = PBXGroup;
			children = (
				02A09BA727E440DD0036868F /* Dice_GameTests.swift */,
				02A09BA927E440DD0036868F /* Info.plist */,
			);
			path = "Dice-GameTests";
			sourceTree = "<group>";
		};
		02A09BB127E440DD0036868F /* Dice-GameUITests */ = {
			isa = PBXGroup;
			children = (
				02A09BB227E440DD0036868F /* Dice_GameUITests.swift */,
				02A09BB427E440DD0036868F /* Info.plist */,
			);
			path = "Dice-GameUITests";
			sourceTree = "<group>";
		};
/* End PBXGroup section */

/* Begin PBXNativeTarget section */
		02A09B8C27E440DA0036868F /* Dice-Game */ = {
			isa = PBXNativeTarget;
			buildConfigurationList = 02A09BB727E440DD0036868F /* Build configuration list for PBXNativeTarget "Dice-Game" */;
			buildPhases = (
				02A09B8927E440DA0036868F /* Sources */,
				02A09B8A27E440DA0036868F /* Frameworks */,
				02A09B8B27E440DA0036868F /* Resources */,
			);
			buildRules = (
			);
			dependencies = (
			);
			name = "Dice-Game";
			productName = "Dice-Game";
			productReference = 02A09B8D27E440DA0036868F /* Dice-Game.app */;
			productType = "com.apple.product-type.application";
		};
		02A09BA227E440DD0036868F /* Dice-GameTests */ = {
			isa = PBXNativeTarget;
			buildConfigurationList = 02A09BBA27E440DD0036868F /* Build configuration list for PBXNativeTarget "Dice-GameTests" */;
			buildPhases = (
				02A09B9F27E440DD0036868F /* Sources */,
				02A09BA027E440DD0036868F /* Frameworks */,
				02A09BA127E440DD0036868F /* Resources */,
			);
			buildRules = (
			);
			dependencies = (
				02A09BA527E440DD0036868F /* PBXTargetDependency */,
			);
			name = "Dice-GameTests";
			productName = "Dice-GameTests";
			productReference = 02A09BA327E440DD0036868F /* Dice-GameTests.xctest */;
			productType = "com.apple.product-type.bundle.unit-test";
		};
		02A09BAD27E440DD0036868F /* Dice-GameUITests */ = {
			isa = PBXNativeTarget;
			buildConfigurationList = 02A09BBD27E440DD0036868F /* Build configuration list for PBXNativeTarget "Dice-GameUITests" */;
			buildPhases = (
				02A09BAA27E440DD0036868F /* Sources */,
				02A09BAB27E440DD0036868F /* Frameworks */,
				02A09BAC27E440DD0036868F /* Resources */,
			);
			buildRules = (
			);
			dependencies = (
				02A09BB027E440DD0036868F /* PBXTargetDependency */,
			);
			name = "Dice-GameUITests";
			productName = "Dice-GameUITests";
			productReference = 02A09BAE27E440DD0036868F /* Dice-GameUITests.xctest */;
			productType = "com.apple.product-type.bundle.ui-testing";
		};
/* End PBXNativeTarget section */

/* Begin PBXProject section */
		02A09B8527E440DA0036868F /* Project object */ = {
			isa = PBXProject;
			attributes = {
				LastSwiftUpdateCheck = 1210;
				LastUpgradeCheck = 1210;
				TargetAttributes = {
					02A09B8C27E440DA0036868F = {
						CreatedOnToolsVersion = 12.1;
					};
					02A09BA227E440DD0036868F = {
						CreatedOnToolsVersion = 12.1;
						TestTargetID = 02A09B8C27E440DA0036868F;
					};
					02A09BAD27E440DD0036868F = {
						CreatedOnToolsVersion = 12.1;
						TestTargetID = 02A09B8C27E440DA0036868F;
					};
				};
			};
			buildConfigurationList = 02A09B8827E440DA0036868F /* Build configuration list for PBXProject "Dice-Game" */;
			compatibilityVersion = "Xcode 9.3";
			developmentRegion = en;
			hasScannedForEncodings = 0;
			knownRegions = (
				en,
				Base,
			);
			mainGroup = 02A09B8427E440DA0036868F;
			productRefGroup = 02A09B8E27E440DA0036868F /* Products */;
			projectDirPath = "";
			projectRoot = "";
			targets = (
				02A09B8C27E440DA0036868F /* Dice-Game */,
				02A09BA227E440DD0036868F /* Dice-GameTests */,
				02A09BAD27E440DD0036868F /* Dice-GameUITests */,
			);
		};
/* End PBXProject section */

/* Begin PBXResourcesBuildPhase section */
		02A09B8B27E440DA0036868F /* Resources */ = {
			isa = PBXResourcesBuildPhase;
			buildActionMask = 2147483647;
			files = (
				02A09B9D27E440DC0036868F /* LaunchScreen.storyboard in Resources */,
				02A09B9A27E440DC0036868F /* Preview Assets.xcassets in Resources */,
				02A09B9727E440DC0036868F /* Assets.xcassets in Resources */,
			);
			runOnlyForDeploymentPostprocessing = 0;
		};
		02A09BA127E440DD0036868F /* Resources */ = {
			isa = PBXResourcesBuildPhase;
			buildActionMask = 2147483647;
			files = (
			);
			runOnlyForDeploymentPostprocessing = 0;
		};
		02A09BAC27E440DD0036868F /* Resources */ = {
			isa = PBXResourcesBuildPhase;
			buildActionMask = 2147483647;
			files = (
			);
			runOnlyForDeploymentPostprocessing = 0;
		};
/* End PBXResourcesBuildPhase section */

/* Begin PBXSourcesBuildPhase section */
		02A09B8927E440DA0036868F /* Sources */ = {
			isa = PBXSourcesBuildPhase;
			buildActionMask = 2147483647;
			files = (
				02A09B9127E440DA0036868F /* AppDelegate.swift in Sources */,
				02A09B9327E440DA0036868F /* SceneDelegate.swift in Sources */,
				02A09B9527E440DA0036868F /* ContentView.swift in Sources */,
			);
			runOnlyForDeploymentPostprocessing = 0;
		};
		02A09B9F27E440DD0036868F /* Sources */ = {
			isa = PBXSourcesBuildPhase;
			buildActionMask = 2147483647;
			files = (
				02A09BA827E440DD0036868F /* Dice_GameTests.swift in Sources */,
			);
			runOnlyForDeploymentPostprocessing = 0;
		};
		02A09BAA27E440DD0036868F /* Sources */ = {
			isa = PBXSourcesBuildPhase;
			buildActionMask = 2147483647;
			files = (
				02A09BB327E440DD0036868F /* Dice_GameUITests.swift in Sources */,
			);
			runOnlyForDeploymentPostprocessing = 0;
		};
/* End PBXSourcesBuildPhase section */

/* Begin PBXTargetDependency section */
		02A09BA527E440DD0036868F /* PBXTargetDependency */ = {
			isa = PBXTargetDependency;
			target = 02A09B8C27E440DA0036868F /* Dice-Game */;
			targetProxy = 02A09BA427E440DD0036868F /* PBXContainerItemProxy */;
		};
		02A09BB027E440DD0036868F /* PBXTargetDependency */ = {
			isa = PBXTargetDependency;
			target = 02A09B8C27E440DA0036868F /* Dice-Game */;
			targetProxy = 02A09BAF27E440DD0036868F /* PBXContainerItemProxy */;
		};
/* End PBXTargetDependency section */

/* Begin PBXVariantGroup section */
		02A09B9B27E440DC0036868F /* LaunchScreen.storyboard */ = {
			isa = PBXVariantGroup;
			children = (
				02A09B9C27E440DC0036868F /* Base */,
			);
			name = LaunchScreen.storyboard;
			sourceTree = "<group>";
		};
/* End PBXVariantGroup section */

/* Begin XCBuildConfiguration section */
		02A09BB527E440DD0036868F /* Debug */ = {
			isa = XCBuildConfiguration;
			buildSettings = {
				ALWAYS_SEARCH_USER_PATHS = NO;
				CLANG_ANALYZER_NONNULL = YES;
				CLANG_ANALYZER_NUMBER_OBJECT_CONVERSION = YES_AGGRESSIVE;
				CLANG_CXX_LANGUAGE_STANDARD = "gnu++14";
				CLANG_CXX_LIBRARY = "libc++";
				CLANG_ENABLE_MODULES = YES;
				CLANG_ENABLE_OBJC_ARC = YES;
				CLANG_ENABLE_OBJC_WEAK = YES;
				CLANG_WARN_BLOCK_CAPTURE_AUTORELEASING = YES;
				CLANG_WARN_BOOL_CONVERSION = YES;
				CLANG_WARN_COMMA = YES;
				CLANG_WARN_CONSTANT_CONVERSION = YES;
				CLANG_WARN_DEPRECATED_OBJC_IMPLEMENTATIONS = YES;
				CLANG_WARN_DIRECT_OBJC_ISA_USAGE = YES_ERROR;
				CLANG_WARN_DOCUMENTATION_COMMENTS = YES;
				CLANG_WARN_EMPTY_BODY = YES;
				CLANG_WARN_ENUM_CONVERSION = YES;
				CLANG_WARN_INFINITE_RECURSION = YES;
				CLANG_WARN_INT_CONVERSION = YES;
				CLANG_WARN_NON_LITERAL_NULL_CONVERSION = YES;
				CLANG_WARN_OBJC_IMPLICIT_RETAIN_SELF = YES;
				CLANG_WARN_OBJC_LITERAL_CONVERSION = YES;
				CLANG_WARN_OBJC_ROOT_CLASS = YES_ERROR;
				CLANG_WARN_QUOTED_INCLUDE_IN_FRAMEWORK_HEADER = YES;
				CLANG_WARN_RANGE_LOOP_ANALYSIS = YES;
				CLANG_WARN_STRICT_PROTOTYPES = YES;
				CLANG_WARN_SUSPICIOUS_MOVE = YES;
				CLANG_WARN_UNGUARDED_AVAILABILITY = YES_AGGRESSIVE;
				CLANG_WARN_UNREACHABLE_CODE = YES;
				CLANG_WARN__DUPLICATE_METHOD_MATCH = YES;
				COPY_PHASE_STRIP = NO;
				DEBUG_INFORMATION_FORMAT = dwarf;
				ENABLE_STRICT_OBJC_MSGSEND = YES;
				ENABLE_TESTABILITY = YES;
				GCC_C_LANGUAGE_STANDARD = gnu11;
				GCC_DYNAMIC_NO_PIC = NO;
				GCC_NO_COMMON_BLOCKS = YES;
				GCC_OPTIMIZATION_LEVEL = 0;
				GCC_PREPROCESSOR_DEFINITIONS = (
					"DEBUG=1",
					"$(inherited)",
				);
				GCC_WARN_64_TO_32_BIT_CONVERSION = YES;
				GCC_WARN_ABOUT_RETURN_TYPE = YES_ERROR;
				GCC_WARN_UNDECLARED_SELECTOR = YES;
				GCC_WARN_UNINITIALIZED_AUTOS = YES_AGGRESSIVE;
				GCC_WARN_UNUSED_FUNCTION = YES;
				GCC_WARN_UNUSED_VARIABLE = YES;
				IPHONEOS_DEPLOYMENT_TARGET = 14.1;
				MTL_ENABLE_DEBUG_INFO = INCLUDE_SOURCE;
				MTL_FAST_MATH = YES;
				ONLY_ACTIVE_ARCH = YES;
				SDKROOT = iphoneos;
				SWIFT_ACTIVE_COMPILATION_CONDITIONS = DEBUG;
				SWIFT_OPTIMIZATION_LEVEL = "-Onone";
			};
			name = Debug;
		};
		02A09BB627E440DD0036868F /* Release */ = {
			isa = XCBuildConfiguration;
			buildSettings = {
				ALWAYS_SEARCH_USER_PATHS = NO;
				CLANG_ANALYZER_NONNULL = YES;
				CLANG_ANALYZER_NUMBER_OBJECT_CONVERSION = YES_AGGRESSIVE;
				CLANG_CXX_LANGUAGE_STANDARD = "gnu++14";
				CLANG_CXX_LIBRARY = "libc++";
				CLANG_ENABLE_MODULES = YES;
				CLANG_ENABLE_OBJC_ARC = YES;
				CLANG_ENABLE_OBJC_WEAK = YES;
				CLANG_WARN_BLOCK_CAPTURE_AUTORELEASING = YES;
				CLANG_WARN_BOOL_CONVERSION = YES;
				CLANG_WARN_COMMA = YES;
				CLANG_WARN_CONSTANT_CONVERSION = YES;
				CLANG_WARN_DEPRECATED_OBJC_IMPLEMENTATIONS = YES;
				CLANG_WARN_DIRECT_OBJC_ISA_USAGE = YES_ERROR;
				CLANG_WARN_DOCUMENTATION_COMMENTS = YES;
				CLANG_WARN_EMPTY_BODY = YES;
				CLANG_WARN_ENUM_CONVERSION = YES;
				CLANG_WARN_INFINITE_RECURSION = YES;
				CLANG_WARN_INT_CONVERSION = YES;
				CLANG_WARN_NON_LITERAL_NULL_CONVERSION = YES;
				CLANG_WARN_OBJC_IMPLICIT_RETAIN_SELF = YES;
				CLANG_WARN_OBJC_LITERAL_CONVERSION = YES;
				CLANG_WARN_OBJC_ROOT_CLASS = YES_ERROR;
				CLANG_WARN_QUOTED_INCLUDE_IN_FRAMEWORK_HEADER = YES;
				CLANG_WARN_RANGE_LOOP_ANALYSIS = YES;
				CLANG_WARN_STRICT_PROTOTYPES = YES;
				CLANG_WARN_SUSPICIOUS_MOVE = YES;
				CLANG_WARN_UNGUARDED_AVAILABILITY = YES_AGGRESSIVE;
				CLANG_WARN_UNREACHABLE_CODE = YES;
				CLANG_WARN__DUPLICATE_METHOD_MATCH = YES;
				COPY_PHASE_STRIP = NO;
				DEBUG_INFORMATION_FORMAT = "dwarf-with-dsym";
				ENABLE_NS_ASSERTIONS = NO;
				ENABLE_STRICT_OBJC_MSGSEND = YES;
				GCC_C_LANGUAGE_STANDARD = gnu11;
				GCC_NO_COMMON_BLOCKS = YES;
				GCC_WARN_64_TO_32_BIT_CONVERSION = YES;
				GCC_WARN_ABOUT_RETURN_TYPE = YES_ERROR;
				GCC_WARN_UNDECLARED_SELECTOR = YES;
				GCC_WARN_UNINITIALIZED_AUTOS = YES_AGGRESSIVE;
				GCC_WARN_UNUSED_FUNCTION = YES;
				GCC_WARN_UNUSED_VARIABLE = YES;
				IPHONEOS_DEPLOYMENT_TARGET = 14.1;
				MTL_ENABLE_DEBUG_INFO = NO;
				MTL_FAST_MATH = YES;
				SDKROOT = iphoneos;
				SWIFT_COMPILATION_MODE = wholemodule;
				SWIFT_OPTIMIZATION_LEVEL = "-O";
				VALIDATE_PRODUCT = YES;
			};
			name = Release;
		};
		02A09BB827E440DD0036868F /* Debug */ = {
			isa = XCBuildConfiguration;
			buildSettings = {
				ASSETCATALOG_COMPILER_APPICON_NAME = AppIcon;
				ASSETCATALOG_COMPILER_GLOBAL_ACCENT_COLOR_NAME = AccentColor;
				CODE_SIGN_STYLE = Automatic;
				DEVELOPMENT_ASSET_PATHS = "\"Dice-Game/Preview Content\"";
				ENABLE_PREVIEWS = YES;
				INFOPLIST_FILE = "Dice-Game/Info.plist";
				LD_RUNPATH_SEARCH_PATHS = (
					"$(inherited)",
					"@executable_path/Frameworks",
				);
				PRODUCT_BUNDLE_IDENTIFIER = "BSP.Dice-Game";
				PRODUCT_NAME = "$(TARGET_NAME)";
				SWIFT_VERSION = 5.0;
				TARGETED_DEVICE_FAMILY = "1,2";
			};
			name = Debug;
		};
		02A09BB927E440DD0036868F /* Release */ = {
			isa = XCBuildConfiguration;
			buildSettings = {
				ASSETCATALOG_COMPILER_APPICON_NAME = AppIcon;
				ASSETCATALOG_COMPILER_GLOBAL_ACCENT_COLOR_NAME = AccentColor;
				CODE_SIGN_STYLE = Automatic;
				DEVELOPMENT_ASSET_PATHS = "\"Dice-Game/Preview Content\"";
				ENABLE_PREVIEWS = YES;
				INFOPLIST_FILE = "Dice-Game/Info.plist";
				LD_RUNPATH_SEARCH_PATHS = (
					"$(inherited)",
					"@executable_path/Frameworks",
				);
				PRODUCT_BUNDLE_IDENTIFIER = "BSP.Dice-Game";
				PRODUCT_NAME = "$(TARGET_NAME)";
				SWIFT_VERSION = 5.0;
				TARGETED_DEVICE_FAMILY = "1,2";
			};
			name = Release;
		};
		02A09BBB27E440DD0036868F /* Debug */ = {
			isa = XCBuildConfiguration;
			buildSettings = {
				ALWAYS_EMBED_SWIFT_STANDARD_LIBRARIES = YES;
				BUNDLE_LOADER = "$(TEST_HOST)";
				CODE_SIGN_STYLE = Automatic;
				INFOPLIST_FILE = "Dice-GameTests/Info.plist";
				IPHONEOS_DEPLOYMENT_TARGET = 14.1;
				LD_RUNPATH_SEARCH_PATHS = (
					"$(inherited)",
					"@executable_path/Frameworks",
					"@loader_path/Frameworks",
				);
				PRODUCT_BUNDLE_IDENTIFIER = "BSP.Dice-GameTests";
				PRODUCT_NAME = "$(TARGET_NAME)";
				SWIFT_VERSION = 5.0;
				TARGETED_DEVICE_FAMILY = "1,2";
				TEST_HOST = "$(BUILT_PRODUCTS_DIR)/Dice-Game.app/Dice-Game";
			};
			name = Debug;
		};
		02A09BBC27E440DD0036868F /* Release */ = {
			isa = XCBuildConfiguration;
			buildSettings = {
				ALWAYS_EMBED_SWIFT_STANDARD_LIBRARIES = YES;
				BUNDLE_LOADER = "$(TEST_HOST)";
				CODE_SIGN_STYLE = Automatic;
				INFOPLIST_FILE = "Dice-GameTests/Info.plist";
				IPHONEOS_DEPLOYMENT_TARGET = 14.1;
				LD_RUNPATH_SEARCH_PATHS = (
					"$(inherited)",
					"@executable_path/Frameworks",
					"@loader_path/Frameworks",
				);
				PRODUCT_BUNDLE_IDENTIFIER = "BSP.Dice-GameTests";
				PRODUCT_NAME = "$(TARGET_NAME)";
				SWIFT_VERSION = 5.0;
				TARGETED_DEVICE_FAMILY = "1,2";
				TEST_HOST = "$(BUILT_PRODUCTS_DIR)/Dice-Game.app/Dice-Game";
			};
			name = Release;
		};
		02A09BBE27E440DD0036868F /* Debug */ = {
			isa = XCBuildConfiguration;
			buildSettings = {
				ALWAYS_EMBED_SWIFT_STANDARD_LIBRARIES = YES;
				CODE_SIGN_STYLE = Automatic;
				INFOPLIST_FILE = "Dice-GameUITests/Info.plist";
				LD_RUNPATH_SEARCH_PATHS = (
					"$(inherited)",
					"@executable_path/Frameworks",
					"@loader_path/Frameworks",
				);
				PRODUCT_BUNDLE_IDENTIFIER = "BSP.Dice-GameUITests";
				PRODUCT_NAME = "$(TARGET_NAME)";
				SWIFT_VERSION = 5.0;
				TARGETED_DEVICE_FAMILY = "1,2";
				TEST_TARGET_NAME = "Dice-Game";
			};
			name = Debug;
		};
		02A09BBF27E440DD0036868F /* Release */ = {
			isa = XCBuildConfiguration;
			buildSettings = {
				ALWAYS_EMBED_SWIFT_STANDARD_LIBRARIES = YES;
				CODE_SIGN_STYLE = Automatic;
				INFOPLIST_FILE = "Dice-GameUITests/Info.plist";
				LD_RUNPATH_SEARCH_PATHS = (
					"$(inherited)",
					"@executable_path/Frameworks",
					"@loader_path/Frameworks",
				);
				PRODUCT_BUNDLE_IDENTIFIER = "BSP.Dice-GameUITests";
				PRODUCT_NAME = "$(TARGET_NAME)";
				SWIFT_VERSION = 5.0;
				TARGETED_DEVICE_FAMILY = "1,2";
				TEST_TARGET_NAME = "Dice-Game";
			};
			name = Release;
		};
/* End XCBuildConfiguration section */

/* Begin XCConfigurationList section */
		02A09B8827E440DA0036868F /* Build configuration list for PBXProject "Dice-Game" */ = {
			isa = XCConfigurationList;
			buildConfigurations = (
				02A09BB527E440DD0036868F /* Debug */,
				02A09BB627E440DD0036868F /* Release */,
			);
			defaultConfigurationIsVisible = 0;
			defaultConfigurationName = Release;
		};
		02A09BB727E440DD0036868F /* Build configuration list for PBXNativeTarget "Dice-Game" */ = {
			isa = XCConfigurationList;
			buildConfigurations = (
				02A09BB827E440DD0036868F /* Debug */,
				02A09BB927E440DD0036868F /* Release */,
			);
			defaultConfigurationIsVisible = 0;
			defaultConfigurationName = Release;
		};
		02A09BBA27E440DD0036868F /* Build configuration list for PBXNativeTarget "Dice-GameTests" */ = {
			isa = XCConfigurationList;
			buildConfigurations = (
				02A09BBB27E440DD0036868F /* Debug */,
				02A09BBC27E440DD0036868F /* Release */,
			);
			defaultConfigurationIsVisible = 0;
			defaultConfigurationName = Release;
		};
		02A09BBD27E440DD0036868F /* Build configuration list for PBXNativeTarget "Dice-GameUITests" */ = {
			isa = XCConfigurationList;
			buildConfigurations = (
				02A09BBE27E440DD0036868F /* Debug */,
				02A09BBF27E440DD0036868F /* Release */,
			);
			defaultConfigurationIsVisible = 0;
			defaultConfigurationName = Release;
		};
/* End XCConfigurationList section */
	};
	rootObject = 02A09B8527E440DA0036868F /* Project object */;
}
